// !$*UTF8*$!
{
	archiveVersion = 1;
	classes = {
	};
	objectVersion = 56;
	objects = {

/* Begin PBXBuildFile section */
		6E1E7F392AB47F9400850823 /* CalCell.swift in Sources */ = {isa = PBXBuildFile; fileRef = 6E1E7F382AB47F9400850823 /* CalCell.swift */; };
		6E2FEBE32AC1AF5D002B3046 /* MyColor.swift in Sources */ = {isa = PBXBuildFile; fileRef = 6E2FEBE22AC1AF5D002B3046 /* MyColor.swift */; };
		6E2FEBE52AC1B010002B3046 /* UIColor+Extension.swift in Sources */ = {isa = PBXBuildFile; fileRef = 6E2FEBE42AC1B010002B3046 /* UIColor+Extension.swift */; };
		6E2FEBE82AC56CCC002B3046 /* CalData+CoreDataProperties.swift in Sources */ = {isa = PBXBuildFile; fileRef = 6E2FEBE62AC56CCC002B3046 /* CalData+CoreDataProperties.swift */; };
		6E2FEBE92AC56CCC002B3046 /* CalData+CoreDataClass.swift in Sources */ = {isa = PBXBuildFile; fileRef = 6E2FEBE72AC56CCC002B3046 /* CalData+CoreDataClass.swift */; };
		6E338D232AB9872000627CA3 /* CoreDataManager.swift in Sources */ = {isa = PBXBuildFile; fileRef = 6E338D222AB9872000627CA3 /* CoreDataManager.swift */; };
		6E338D252AB9B30100627CA3 /* ResultViewController.swift in Sources */ = {isa = PBXBuildFile; fileRef = 6E338D242AB9B30100627CA3 /* ResultViewController.swift */; };
		6E34DECB2ADD220A005B09B6 /* Savemoneyhard.app in Resources */ = {isa = PBXBuildFile; fileRef = 6ECD3E9E2AB1ABDB002BAF75 /* Savemoneyhard.app */; };
		6E34DECD2ADD22B0005B09B6 /* HomeListViewModel.swift in Sources */ = {isa = PBXBuildFile; fileRef = 6E34DECC2ADD22B0005B09B6 /* HomeListViewModel.swift */; };
		6E99D0282ADD3D87006FC041 /* Info.plist in Resources */ = {isa = PBXBuildFile; fileRef = 6ECD3EB22AB1ABDD002BAF75 /* Info.plist */; };
		6E99D0292ADD3D98006FC041 /* Pods-Savemoneyhard.release.xcconfig in Resources */ = {isa = PBXBuildFile; fileRef = CF4C5FC770E1D7B661D3C7F6 /* Pods-Savemoneyhard.release.xcconfig */; };
		6E99D02A2ADD3D9B006FC041 /* Pods-Savemoneyhard.debug.xcconfig in Resources */ = {isa = PBXBuildFile; fileRef = F2781DC51110142A90C03BFA /* Pods-Savemoneyhard.debug.xcconfig */; };
		6E99D0332ADD3F1F006FC041 /* Pods_Savemoneyhard.framework in Frameworks */ = {isa = PBXBuildFile; fileRef = 6E99D02F2ADD3F1F006FC041 /* Pods_Savemoneyhard.framework */; };
		6E99D0342ADD3F1F006FC041 /* Pods_Savemoneyhard.framework in Embed Frameworks */ = {isa = PBXBuildFile; fileRef = 6E99D02F2ADD3F1F006FC041 /* Pods_Savemoneyhard.framework */; settings = {ATTRIBUTES = (CodeSignOnCopy, RemoveHeadersOnCopy, ); }; };
		6E99D0352ADD3F1F006FC041 /* RxCocoa.framework in Frameworks */ = {isa = PBXBuildFile; fileRef = 6E99D0302ADD3F1F006FC041 /* RxCocoa.framework */; };
		6E99D0362ADD3F1F006FC041 /* RxCocoa.framework in Embed Frameworks */ = {isa = PBXBuildFile; fileRef = 6E99D0302ADD3F1F006FC041 /* RxCocoa.framework */; settings = {ATTRIBUTES = (CodeSignOnCopy, RemoveHeadersOnCopy, ); }; };
		6E99D0372ADD3F1F006FC041 /* RxRelay.framework in Frameworks */ = {isa = PBXBuildFile; fileRef = 6E99D0312ADD3F1F006FC041 /* RxRelay.framework */; };
		6E99D0382ADD3F1F006FC041 /* RxRelay.framework in Embed Frameworks */ = {isa = PBXBuildFile; fileRef = 6E99D0312ADD3F1F006FC041 /* RxRelay.framework */; settings = {ATTRIBUTES = (CodeSignOnCopy, RemoveHeadersOnCopy, ); }; };
		6E99D0392ADD3F1F006FC041 /* RxSwift.framework in Frameworks */ = {isa = PBXBuildFile; fileRef = 6E99D0322ADD3F1F006FC041 /* RxSwift.framework */; };
		6E99D03A2ADD3F1F006FC041 /* RxSwift.framework in Embed Frameworks */ = {isa = PBXBuildFile; fileRef = 6E99D0322ADD3F1F006FC041 /* RxSwift.framework */; settings = {ATTRIBUTES = (CodeSignOnCopy, RemoveHeadersOnCopy, ); }; };
		6E99D03D2ADD3F24006FC041 /* Pods_Savemoneyhard.framework in Frameworks */ = {isa = PBXBuildFile; fileRef = 6E99D03C2ADD3F24006FC041 /* Pods_Savemoneyhard.framework */; };
		6E99D03E2ADD3F24006FC041 /* Pods_Savemoneyhard.framework in Embed Frameworks */ = {isa = PBXBuildFile; fileRef = 6E99D03C2ADD3F24006FC041 /* Pods_Savemoneyhard.framework */; settings = {ATTRIBUTES = (CodeSignOnCopy, RemoveHeadersOnCopy, ); }; };
		6E99D0422ADD4480006FC041 /* SummaryCell.swift in Sources */ = {isa = PBXBuildFile; fileRef = 6E99D0412ADD4480006FC041 /* SummaryCell.swift */; };
		6EA864232AD819FF0076178E /* MoneyListViewController.swift in Sources */ = {isa = PBXBuildFile; fileRef = 6EA864222AD819FF0076178E /* MoneyListViewController.swift */; };
		6ECD3EA22AB1ABDB002BAF75 /* AppDelegate.swift in Sources */ = {isa = PBXBuildFile; fileRef = 6ECD3EA12AB1ABDB002BAF75 /* AppDelegate.swift */; };
		6ECD3EA42AB1ABDB002BAF75 /* SceneDelegate.swift in Sources */ = {isa = PBXBuildFile; fileRef = 6ECD3EA32AB1ABDB002BAF75 /* SceneDelegate.swift */; };
		6ECD3EA62AB1ABDB002BAF75 /* ViewController.swift in Sources */ = {isa = PBXBuildFile; fileRef = 6ECD3EA52AB1ABDB002BAF75 /* ViewController.swift */; };
		6ECD3EA92AB1ABDB002BAF75 /* Main.storyboard in Resources */ = {isa = PBXBuildFile; fileRef = 6ECD3EA72AB1ABDB002BAF75 /* Main.storyboard */; };
		6ECD3EAC2AB1ABDB002BAF75 /* Save_money_hard.xcdatamodeld in Sources */ = {isa = PBXBuildFile; fileRef = 6ECD3EAA2AB1ABDB002BAF75 /* Save_money_hard.xcdatamodeld */; };
		6ECD3EAE2AB1ABDD002BAF75 /* Assets.xcassets in Resources */ = {isa = PBXBuildFile; fileRef = 6ECD3EAD2AB1ABDD002BAF75 /* Assets.xcassets */; };
		6ECD3EB12AB1ABDD002BAF75 /* LaunchScreen.storyboard in Resources */ = {isa = PBXBuildFile; fileRef = 6ECD3EAF2AB1ABDD002BAF75 /* LaunchScreen.storyboard */; };
		6ECD3ECB2AB45635002BAF75 /* Cal.swift in Sources */ = {isa = PBXBuildFile; fileRef = 6ECD3ECA2AB45635002BAF75 /* Cal.swift */; };
/* End PBXBuildFile section */

/* Begin PBXCopyFilesBuildPhase section */
		6E99D03B2ADD3F1F006FC041 /* Embed Frameworks */ = {
			isa = PBXCopyFilesBuildPhase;
			buildActionMask = 2147483647;
			dstPath = "";
			dstSubfolderSpec = 10;
			files = (
				6E99D03E2ADD3F24006FC041 /* Pods_Savemoneyhard.framework in Embed Frameworks */,
				6E99D03A2ADD3F1F006FC041 /* RxSwift.framework in Embed Frameworks */,
				6E99D0362ADD3F1F006FC041 /* RxCocoa.framework in Embed Frameworks */,
				6E99D0342ADD3F1F006FC041 /* Pods_Savemoneyhard.framework in Embed Frameworks */,
				6E99D0382ADD3F1F006FC041 /* RxRelay.framework in Embed Frameworks */,
			);
			name = "Embed Frameworks";
			runOnlyForDeploymentPostprocessing = 0;
		};
/* End PBXCopyFilesBuildPhase section */

/* Begin PBXFileReference section */
		6E1E7F382AB47F9400850823 /* CalCell.swift */ = {isa = PBXFileReference; lastKnownFileType = sourcecode.swift; path = CalCell.swift; sourceTree = "<group>"; };
		6E2FEBE22AC1AF5D002B3046 /* MyColor.swift */ = {isa = PBXFileReference; lastKnownFileType = sourcecode.swift; path = MyColor.swift; sourceTree = "<group>"; };
		6E2FEBE42AC1B010002B3046 /* UIColor+Extension.swift */ = {isa = PBXFileReference; lastKnownFileType = sourcecode.swift; path = "UIColor+Extension.swift"; sourceTree = "<group>"; };
		6E2FEBE62AC56CCC002B3046 /* CalData+CoreDataProperties.swift */ = {isa = PBXFileReference; lastKnownFileType = sourcecode.swift; name = "CalData+CoreDataProperties.swift"; path = "../../CalData+CoreDataProperties.swift"; sourceTree = "<group>"; };
		6E2FEBE72AC56CCC002B3046 /* CalData+CoreDataClass.swift */ = {isa = PBXFileReference; lastKnownFileType = sourcecode.swift; name = "CalData+CoreDataClass.swift"; path = "../../CalData+CoreDataClass.swift"; sourceTree = "<group>"; };
		6E338D222AB9872000627CA3 /* CoreDataManager.swift */ = {isa = PBXFileReference; lastKnownFileType = sourcecode.swift; path = CoreDataManager.swift; sourceTree = "<group>"; };
		6E338D242AB9B30100627CA3 /* ResultViewController.swift */ = {isa = PBXFileReference; lastKnownFileType = sourcecode.swift; path = ResultViewController.swift; sourceTree = "<group>"; };
		6E34DECC2ADD22B0005B09B6 /* HomeListViewModel.swift */ = {isa = PBXFileReference; lastKnownFileType = sourcecode.swift; path = HomeListViewModel.swift; sourceTree = "<group>"; };
		6E99D02B2ADD3ED5006FC041 /* Pods_Savemoneyhard.framework */ = {isa = PBXFileReference; explicitFileType = wrapper.framework; path = Pods_Savemoneyhard.framework; sourceTree = BUILT_PRODUCTS_DIR; };
		6E99D02F2ADD3F1F006FC041 /* Pods_Savemoneyhard.framework */ = {isa = PBXFileReference; explicitFileType = wrapper.framework; path = Pods_Savemoneyhard.framework; sourceTree = BUILT_PRODUCTS_DIR; };
		6E99D0302ADD3F1F006FC041 /* RxCocoa.framework */ = {isa = PBXFileReference; explicitFileType = wrapper.framework; path = RxCocoa.framework; sourceTree = BUILT_PRODUCTS_DIR; };
		6E99D0312ADD3F1F006FC041 /* RxRelay.framework */ = {isa = PBXFileReference; explicitFileType = wrapper.framework; path = RxRelay.framework; sourceTree = BUILT_PRODUCTS_DIR; };
		6E99D0322ADD3F1F006FC041 /* RxSwift.framework */ = {isa = PBXFileReference; explicitFileType = wrapper.framework; path = RxSwift.framework; sourceTree = BUILT_PRODUCTS_DIR; };
		6E99D03C2ADD3F24006FC041 /* Pods_Savemoneyhard.framework */ = {isa = PBXFileReference; explicitFileType = wrapper.framework; path = Pods_Savemoneyhard.framework; sourceTree = BUILT_PRODUCTS_DIR; };
		6E99D0412ADD4480006FC041 /* SummaryCell.swift */ = {isa = PBXFileReference; lastKnownFileType = sourcecode.swift; path = SummaryCell.swift; sourceTree = "<group>"; };
		6EA864222AD819FF0076178E /* MoneyListViewController.swift */ = {isa = PBXFileReference; lastKnownFileType = sourcecode.swift; path = MoneyListViewController.swift; sourceTree = "<group>"; };
		6ECD3E9E2AB1ABDB002BAF75 /* Savemoneyhard.app */ = {isa = PBXFileReference; explicitFileType = wrapper.application; includeInIndex = 0; path = Savemoneyhard.app; sourceTree = BUILT_PRODUCTS_DIR; };
		6ECD3EA12AB1ABDB002BAF75 /* AppDelegate.swift */ = {isa = PBXFileReference; lastKnownFileType = sourcecode.swift; path = AppDelegate.swift; sourceTree = "<group>"; };
		6ECD3EA32AB1ABDB002BAF75 /* SceneDelegate.swift */ = {isa = PBXFileReference; lastKnownFileType = sourcecode.swift; path = SceneDelegate.swift; sourceTree = "<group>"; };
		6ECD3EA52AB1ABDB002BAF75 /* ViewController.swift */ = {isa = PBXFileReference; lastKnownFileType = sourcecode.swift; path = ViewController.swift; sourceTree = "<group>"; };
		6ECD3EA82AB1ABDB002BAF75 /* Base */ = {isa = PBXFileReference; lastKnownFileType = file.storyboard; name = Base; path = Base.lproj/Main.storyboard; sourceTree = "<group>"; };
		6ECD3EAB2AB1ABDB002BAF75 /* Save_money_hard.xcdatamodel */ = {isa = PBXFileReference; lastKnownFileType = wrapper.xcdatamodel; path = Save_money_hard.xcdatamodel; sourceTree = "<group>"; };
		6ECD3EAD2AB1ABDD002BAF75 /* Assets.xcassets */ = {isa = PBXFileReference; lastKnownFileType = folder.assetcatalog; path = Assets.xcassets; sourceTree = "<group>"; };
		6ECD3EB02AB1ABDD002BAF75 /* Base */ = {isa = PBXFileReference; lastKnownFileType = file.storyboard; name = Base; path = Base.lproj/LaunchScreen.storyboard; sourceTree = "<group>"; };
		6ECD3EB22AB1ABDD002BAF75 /* Info.plist */ = {isa = PBXFileReference; lastKnownFileType = text.plist.xml; path = Info.plist; sourceTree = "<group>"; };
		6ECD3ECA2AB45635002BAF75 /* Cal.swift */ = {isa = PBXFileReference; lastKnownFileType = sourcecode.swift; path = Cal.swift; sourceTree = "<group>"; };
		CF4C5FC770E1D7B661D3C7F6 /* Pods-Savemoneyhard.release.xcconfig */ = {isa = PBXFileReference; includeInIndex = 1; lastKnownFileType = text.xcconfig; name = "Pods-Savemoneyhard.release.xcconfig"; path = "Target Support Files/Pods-Savemoneyhard/Pods-Savemoneyhard.release.xcconfig"; sourceTree = "<group>"; };
		F2781DC51110142A90C03BFA /* Pods-Savemoneyhard.debug.xcconfig */ = {isa = PBXFileReference; includeInIndex = 1; lastKnownFileType = text.xcconfig; name = "Pods-Savemoneyhard.debug.xcconfig"; path = "Target Support Files/Pods-Savemoneyhard/Pods-Savemoneyhard.debug.xcconfig"; sourceTree = "<group>"; };
/* End PBXFileReference section */

/* Begin PBXFrameworksBuildPhase section */
		6ECD3E9B2AB1ABDB002BAF75 /* Frameworks */ = {
			isa = PBXFrameworksBuildPhase;
			buildActionMask = 2147483647;
			files = (
				6E99D03D2ADD3F24006FC041 /* Pods_Savemoneyhard.framework in Frameworks */,
				6E99D0392ADD3F1F006FC041 /* RxSwift.framework in Frameworks */,
				6E99D0352ADD3F1F006FC041 /* RxCocoa.framework in Frameworks */,
				6E99D0332ADD3F1F006FC041 /* Pods_Savemoneyhard.framework in Frameworks */,
				6E99D0372ADD3F1F006FC041 /* RxRelay.framework in Frameworks */,
			);
			runOnlyForDeploymentPostprocessing = 0;
		};
/* End PBXFrameworksBuildPhase section */

/* Begin PBXGroup section */
		46801291AA813B5391DB4F64 /* Frameworks */ = {
			isa = PBXGroup;
			children = (
				6E99D03C2ADD3F24006FC041 /* Pods_Savemoneyhard.framework */,
				6E99D02F2ADD3F1F006FC041 /* Pods_Savemoneyhard.framework */,
				6E99D0302ADD3F1F006FC041 /* RxCocoa.framework */,
				6E99D0312ADD3F1F006FC041 /* RxRelay.framework */,
				6E99D0322ADD3F1F006FC041 /* RxSwift.framework */,
				6E99D02B2ADD3ED5006FC041 /* Pods_Savemoneyhard.framework */,
			);
			name = Frameworks;
			sourceTree = "<group>";
		};
		6E2FEBE12AC1AF3A002B3046 /* Helpers */ = {
			isa = PBXGroup;
			children = (
				6E2FEBE22AC1AF5D002B3046 /* MyColor.swift */,
				6E2FEBE42AC1B010002B3046 /* UIColor+Extension.swift */,
			);
			path = Helpers;
			sourceTree = "<group>";
		};
		6EA8641E2AD815E70076178E /* Home */ = {
			isa = PBXGroup;
			children = (
				6ECD3EA72AB1ABDB002BAF75 /* Main.storyboard */,
				6EA864222AD819FF0076178E /* MoneyListViewController.swift */,
				6E34DECC2ADD22B0005B09B6 /* HomeListViewModel.swift */,
				6E99D0412ADD4480006FC041 /* SummaryCell.swift */,
			);
			path = Home;
			sourceTree = "<group>";
		};
		6EA8641F2AD816240076178E /* Detail */ = {
			isa = PBXGroup;
			children = (
			);
			path = Detail;
			sourceTree = "<group>";
		};
		6EA864202AD816400076178E /* New account */ = {
			isa = PBXGroup;
			children = (
			);
			path = "New account";
			sourceTree = "<group>";
		};
		6EA864212AD8165A0076178E /* Profile */ = {
			isa = PBXGroup;
			children = (
			);
			path = Profile;
			sourceTree = "<group>";
		};
		6ECD3E952AB1ABDB002BAF75 = {
			isa = PBXGroup;
			children = (
				6EA864212AD8165A0076178E /* Profile */,
				6EA864202AD816400076178E /* New account */,
				6EA8641F2AD816240076178E /* Detail */,
				6EA8641E2AD815E70076178E /* Home */,
				6ECD3EA02AB1ABDB002BAF75 /* Savemoneyhard */,
				6ECD3E9F2AB1ABDB002BAF75 /* Products */,
				C19FC4B3C0575B74022CBF41 /* Pods */,
				46801291AA813B5391DB4F64 /* Frameworks */,
			);
			sourceTree = "<group>";
		};
		6ECD3E9F2AB1ABDB002BAF75 /* Products */ = {
			isa = PBXGroup;
			children = (
				6ECD3E9E2AB1ABDB002BAF75 /* Savemoneyhard.app */,
			);
			name = Products;
			sourceTree = "<group>";
		};
		6ECD3EA02AB1ABDB002BAF75 /* Savemoneyhard */ = {
			isa = PBXGroup;
			children = (
				6ECD3EA12AB1ABDB002BAF75 /* AppDelegate.swift */,
				6ECD3EA32AB1ABDB002BAF75 /* SceneDelegate.swift */,
				6E2FEBE12AC1AF3A002B3046 /* Helpers */,
				6ECD3EB82AB1C324002BAF75 /* Models */,
				6ECD3EB92AB1C32B002BAF75 /* Views */,
				6ECD3EBA2AB1C331002BAF75 /* Controllers */,
				6ECD3EAD2AB1ABDD002BAF75 /* Assets.xcassets */,
				6ECD3EAF2AB1ABDD002BAF75 /* LaunchScreen.storyboard */,
				6ECD3EB22AB1ABDD002BAF75 /* Info.plist */,
				6ECD3EAA2AB1ABDB002BAF75 /* Save_money_hard.xcdatamodeld */,
				6ECD3ECA2AB45635002BAF75 /* Cal.swift */,
			);
			path = Savemoneyhard;
			sourceTree = "<group>";
		};
		6ECD3EB82AB1C324002BAF75 /* Models */ = {
			isa = PBXGroup;
			children = (
				6E2FEBE72AC56CCC002B3046 /* CalData+CoreDataClass.swift */,
				6E2FEBE62AC56CCC002B3046 /* CalData+CoreDataProperties.swift */,
				6E338D222AB9872000627CA3 /* CoreDataManager.swift */,
			);
			path = Models;
			sourceTree = "<group>";
		};
		6ECD3EB92AB1C32B002BAF75 /* Views */ = {
			isa = PBXGroup;
			children = (
				6E1E7F382AB47F9400850823 /* CalCell.swift */,
			);
			path = Views;
			sourceTree = "<group>";
		};
		6ECD3EBA2AB1C331002BAF75 /* Controllers */ = {
			isa = PBXGroup;
			children = (
				6ECD3EA52AB1ABDB002BAF75 /* ViewController.swift */,
				6E338D242AB9B30100627CA3 /* ResultViewController.swift */,
			);
			path = Controllers;
			sourceTree = "<group>";
		};
		C19FC4B3C0575B74022CBF41 /* Pods */ = {
			isa = PBXGroup;
			children = (
				F2781DC51110142A90C03BFA /* Pods-Savemoneyhard.debug.xcconfig */,
				CF4C5FC770E1D7B661D3C7F6 /* Pods-Savemoneyhard.release.xcconfig */,
			);
			path = Pods;
			sourceTree = "<group>";
		};
/* End PBXGroup section */

/* Begin PBXNativeTarget section */
		6ECD3E9D2AB1ABDB002BAF75 /* Savemoneyhard */ = {
			isa = PBXNativeTarget;
			buildConfigurationList = 6ECD3EB52AB1ABDD002BAF75 /* Build configuration list for PBXNativeTarget "Savemoneyhard" */;
			buildPhases = (
				E152CEA1BDA0C3CAF6DE857F /* [CP] Check Pods Manifest.lock */,
				6ECD3E9A2AB1ABDB002BAF75 /* Sources */,
				6ECD3E9B2AB1ABDB002BAF75 /* Frameworks */,
				6ECD3E9C2AB1ABDB002BAF75 /* Resources */,
				AE178B618510F2139FFCF65D /* [CP] Embed Pods Frameworks */,
				6E99D03B2ADD3F1F006FC041 /* Embed Frameworks */,
			);
			buildRules = (
			);
			dependencies = (
			);
			name = Savemoneyhard;
			productName = "Save money hard";
			productReference = 6ECD3E9E2AB1ABDB002BAF75 /* Savemoneyhard.app */;
			productType = "com.apple.product-type.application";
		};
/* End PBXNativeTarget section */

/* Begin PBXProject section */
		6ECD3E962AB1ABDB002BAF75 /* Project object */ = {
			isa = PBXProject;
			attributes = {
				BuildIndependentTargetsInParallel = 1;
				LastSwiftUpdateCheck = 1420;
				LastUpgradeCheck = 1420;
				TargetAttributes = {
					6ECD3E9D2AB1ABDB002BAF75 = {
						CreatedOnToolsVersion = 14.2;
					};
				};
			};
			buildConfigurationList = 6ECD3E992AB1ABDB002BAF75 /* Build configuration list for PBXProject "Savemoneyhard" */;
			compatibilityVersion = "Xcode 14.0";
			developmentRegion = en;
			hasScannedForEncodings = 0;
			knownRegions = (
				en,
				Base,
			);
			mainGroup = 6ECD3E952AB1ABDB002BAF75;
			productRefGroup = 6ECD3E9F2AB1ABDB002BAF75 /* Products */;
			projectDirPath = "";
			projectRoot = "";
			targets = (
				6ECD3E9D2AB1ABDB002BAF75 /* Savemoneyhard */,
			);
		};
/* End PBXProject section */

/* Begin PBXResourcesBuildPhase section */
		6ECD3E9C2AB1ABDB002BAF75 /* Resources */ = {
			isa = PBXResourcesBuildPhase;
			buildActionMask = 2147483647;
			files = (
				6ECD3EB12AB1ABDD002BAF75 /* LaunchScreen.storyboard in Resources */,
				6ECD3EAE2AB1ABDD002BAF75 /* Assets.xcassets in Resources */,
				6E99D0292ADD3D98006FC041 /* Pods-Savemoneyhard.release.xcconfig in Resources */,
				6E34DECB2ADD220A005B09B6 /* Savemoneyhard.app in Resources */,
				6E99D0282ADD3D87006FC041 /* Info.plist in Resources */,
				6ECD3EA92AB1ABDB002BAF75 /* Main.storyboard in Resources */,
				6E99D02A2ADD3D9B006FC041 /* Pods-Savemoneyhard.debug.xcconfig in Resources */,
			);
			runOnlyForDeploymentPostprocessing = 0;
		};
/* End PBXResourcesBuildPhase section */

/* Begin PBXShellScriptBuildPhase section */
		AE178B618510F2139FFCF65D /* [CP] Embed Pods Frameworks */ = {
			isa = PBXShellScriptBuildPhase;
			buildActionMask = 2147483647;
			files = (
			);
			inputFileListPaths = (
				"${PODS_ROOT}/Target Support Files/Pods-Savemoneyhard/Pods-Savemoneyhard-frameworks-${CONFIGURATION}-input-files.xcfilelist",
			);
			name = "[CP] Embed Pods Frameworks";
			outputFileListPaths = (
				"${PODS_ROOT}/Target Support Files/Pods-Savemoneyhard/Pods-Savemoneyhard-frameworks-${CONFIGURATION}-output-files.xcfilelist",
			);
			runOnlyForDeploymentPostprocessing = 0;
			shellPath = /bin/sh;
			shellScript = "\"${PODS_ROOT}/Target Support Files/Pods-Savemoneyhard/Pods-Savemoneyhard-frameworks.sh\"\n";
			showEnvVarsInLog = 0;
		};
		E152CEA1BDA0C3CAF6DE857F /* [CP] Check Pods Manifest.lock */ = {
			isa = PBXShellScriptBuildPhase;
			buildActionMask = 2147483647;
			files = (
			);
			inputFileListPaths = (
			);
			inputPaths = (
				"${PODS_PODFILE_DIR_PATH}/Podfile.lock",
				"${PODS_ROOT}/Manifest.lock",
			);
			name = "[CP] Check Pods Manifest.lock";
			outputFileListPaths = (
			);
			outputPaths = (
				"$(DERIVED_FILE_DIR)/Pods-Savemoneyhard-checkManifestLockResult.txt",
			);
			runOnlyForDeploymentPostprocessing = 0;
			shellPath = /bin/sh;
			shellScript = "diff \"${PODS_PODFILE_DIR_PATH}/Podfile.lock\" \"${PODS_ROOT}/Manifest.lock\" > /dev/null\nif [ $? != 0 ] ; then\n    # print error to STDERR\n    echo \"error: The sandbox is not in sync with the Podfile.lock. Run 'pod install' or update your CocoaPods installation.\" >&2\n    exit 1\nfi\n# This output is used by Xcode 'outputs' to avoid re-running this script phase.\necho \"SUCCESS\" > \"${SCRIPT_OUTPUT_FILE_0}\"\n";
			showEnvVarsInLog = 0;
		};
/* End PBXShellScriptBuildPhase section */

/* Begin PBXSourcesBuildPhase section */
		6ECD3E9A2AB1ABDB002BAF75 /* Sources */ = {
			isa = PBXSourcesBuildPhase;
			buildActionMask = 2147483647;
			files = (
				6E2FEBE92AC56CCC002B3046 /* CalData+CoreDataClass.swift in Sources */,
				6EA864232AD819FF0076178E /* MoneyListViewController.swift in Sources */,
				6ECD3EAC2AB1ABDB002BAF75 /* Save_money_hard.xcdatamodeld in Sources */,
				6ECD3ECB2AB45635002BAF75 /* Cal.swift in Sources */,
				6E99D0422ADD4480006FC041 /* SummaryCell.swift in Sources */,
				6ECD3EA62AB1ABDB002BAF75 /* ViewController.swift in Sources */,
				6E2FEBE52AC1B010002B3046 /* UIColor+Extension.swift in Sources */,
				6E2FEBE32AC1AF5D002B3046 /* MyColor.swift in Sources */,
				6E1E7F392AB47F9400850823 /* CalCell.swift in Sources */,
				6E338D252AB9B30100627CA3 /* ResultViewController.swift in Sources */,
				6E34DECD2ADD22B0005B09B6 /* HomeListViewModel.swift in Sources */,
				6E2FEBE82AC56CCC002B3046 /* CalData+CoreDataProperties.swift in Sources */,
				6ECD3EA22AB1ABDB002BAF75 /* AppDelegate.swift in Sources */,
				6E338D232AB9872000627CA3 /* CoreDataManager.swift in Sources */,
				6ECD3EA42AB1ABDB002BAF75 /* SceneDelegate.swift in Sources */,
			);
			runOnlyForDeploymentPostprocessing = 0;
		};
/* End PBXSourcesBuildPhase section */

/* Begin PBXVariantGroup section */
		6ECD3EA72AB1ABDB002BAF75 /* Main.storyboard */ = {
			isa = PBXVariantGroup;
			children = (
				6ECD3EA82AB1ABDB002BAF75 /* Base */,
			);
			name = Main.storyboard;
			sourceTree = "<group>";
		};
		6ECD3EAF2AB1ABDD002BAF75 /* LaunchScreen.storyboard */ = {
			isa = PBXVariantGroup;
			children = (
				6ECD3EB02AB1ABDD002BAF75 /* Base */,
			);
			name = LaunchScreen.storyboard;
			sourceTree = "<group>";
		};
/* End PBXVariantGroup section */

/* Begin XCBuildConfiguration section */
		6ECD3EB32AB1ABDD002BAF75 /* Debug */ = {
			isa = XCBuildConfiguration;
			buildSettings = {
				ALWAYS_SEARCH_USER_PATHS = NO;
				CLANG_ANALYZER_NONNULL = YES;
				CLANG_ANALYZER_NUMBER_OBJECT_CONVERSION = YES_AGGRESSIVE;
				CLANG_CXX_LANGUAGE_STANDARD = "gnu++20";
				CLANG_ENABLE_MODULES = YES;
				CLANG_ENABLE_OBJC_ARC = YES;
				CLANG_ENABLE_OBJC_WEAK = YES;
				CLANG_WARN_BLOCK_CAPTURE_AUTORELEASING = YES;
				CLANG_WARN_BOOL_CONVERSION = YES;
				CLANG_WARN_COMMA = YES;
				CLANG_WARN_CONSTANT_CONVERSION = YES;
				CLANG_WARN_DEPRECATED_OBJC_IMPLEMENTATIONS = YES;
				CLANG_WARN_DIRECT_OBJC_ISA_USAGE = YES_ERROR;
				CLANG_WARN_DOCUMENTATION_COMMENTS = YES;
				CLANG_WARN_EMPTY_BODY = YES;
				CLANG_WARN_ENUM_CONVERSION = YES;
				CLANG_WARN_INFINITE_RECURSION = YES;
				CLANG_WARN_INT_CONVERSION = YES;
				CLANG_WARN_NON_LITERAL_NULL_CONVERSION = YES;
				CLANG_WARN_OBJC_IMPLICIT_RETAIN_SELF = YES;
				CLANG_WARN_OBJC_LITERAL_CONVERSION = YES;
				CLANG_WARN_OBJC_ROOT_CLASS = YES_ERROR;
				CLANG_WARN_QUOTED_INCLUDE_IN_FRAMEWORK_HEADER = YES;
				CLANG_WARN_RANGE_LOOP_ANALYSIS = YES;
				CLANG_WARN_STRICT_PROTOTYPES = YES;
				CLANG_WARN_SUSPICIOUS_MOVE = YES;
				CLANG_WARN_UNGUARDED_AVAILABILITY = YES_AGGRESSIVE;
				CLANG_WARN_UNREACHABLE_CODE = YES;
				CLANG_WARN__DUPLICATE_METHOD_MATCH = YES;
				COPY_PHASE_STRIP = NO;
				DEBUG_INFORMATION_FORMAT = dwarf;
				ENABLE_STRICT_OBJC_MSGSEND = YES;
				ENABLE_TESTABILITY = YES;
				GCC_C_LANGUAGE_STANDARD = gnu11;
				GCC_DYNAMIC_NO_PIC = NO;
				GCC_NO_COMMON_BLOCKS = YES;
				GCC_OPTIMIZATION_LEVEL = 0;
				GCC_PREPROCESSOR_DEFINITIONS = (
					"DEBUG=1",
					"$(inherited)",
				);
				GCC_WARN_64_TO_32_BIT_CONVERSION = YES;
				GCC_WARN_ABOUT_RETURN_TYPE = YES_ERROR;
				GCC_WARN_UNDECLARED_SELECTOR = YES;
				GCC_WARN_UNINITIALIZED_AUTOS = YES_AGGRESSIVE;
				GCC_WARN_UNUSED_FUNCTION = YES;
				GCC_WARN_UNUSED_VARIABLE = YES;
				IPHONEOS_DEPLOYMENT_TARGET = 16.2;
				MTL_ENABLE_DEBUG_INFO = INCLUDE_SOURCE;
				MTL_FAST_MATH = YES;
				ONLY_ACTIVE_ARCH = YES;
				SDKROOT = iphoneos;
				SWIFT_ACTIVE_COMPILATION_CONDITIONS = DEBUG;
				SWIFT_OPTIMIZATION_LEVEL = "-Onone";
			};
			name = Debug;
		};
		6ECD3EB42AB1ABDD002BAF75 /* Release */ = {
			isa = XCBuildConfiguration;
			buildSettings = {
				ALWAYS_SEARCH_USER_PATHS = NO;
				CLANG_ANALYZER_NONNULL = YES;
				CLANG_ANALYZER_NUMBER_OBJECT_CONVERSION = YES_AGGRESSIVE;
				CLANG_CXX_LANGUAGE_STANDARD = "gnu++20";
				CLANG_ENABLE_MODULES = YES;
				CLANG_ENABLE_OBJC_ARC = YES;
				CLANG_ENABLE_OBJC_WEAK = YES;
				CLANG_WARN_BLOCK_CAPTURE_AUTORELEASING = YES;
				CLANG_WARN_BOOL_CONVERSION = YES;
				CLANG_WARN_COMMA = YES;
				CLANG_WARN_CONSTANT_CONVERSION = YES;
				CLANG_WARN_DEPRECATED_OBJC_IMPLEMENTATIONS = YES;
				CLANG_WARN_DIRECT_OBJC_ISA_USAGE = YES_ERROR;
				CLANG_WARN_DOCUMENTATION_COMMENTS = YES;
				CLANG_WARN_EMPTY_BODY = YES;
				CLANG_WARN_ENUM_CONVERSION = YES;
				CLANG_WARN_INFINITE_RECURSION = YES;
				CLANG_WARN_INT_CONVERSION = YES;
				CLANG_WARN_NON_LITERAL_NULL_CONVERSION = YES;
				CLANG_WARN_OBJC_IMPLICIT_RETAIN_SELF = YES;
				CLANG_WARN_OBJC_LITERAL_CONVERSION = YES;
				CLANG_WARN_OBJC_ROOT_CLASS = YES_ERROR;
				CLANG_WARN_QUOTED_INCLUDE_IN_FRAMEWORK_HEADER = YES;
				CLANG_WARN_RANGE_LOOP_ANALYSIS = YES;
				CLANG_WARN_STRICT_PROTOTYPES = YES;
				CLANG_WARN_SUSPICIOUS_MOVE = YES;
				CLANG_WARN_UNGUARDED_AVAILABILITY = YES_AGGRESSIVE;
				CLANG_WARN_UNREACHABLE_CODE = YES;
				CLANG_WARN__DUPLICATE_METHOD_MATCH = YES;
				COPY_PHASE_STRIP = NO;
				DEBUG_INFORMATION_FORMAT = "dwarf-with-dsym";
				ENABLE_NS_ASSERTIONS = NO;
				ENABLE_STRICT_OBJC_MSGSEND = YES;
				GCC_C_LANGUAGE_STANDARD = gnu11;
				GCC_NO_COMMON_BLOCKS = YES;
				GCC_WARN_64_TO_32_BIT_CONVERSION = YES;
				GCC_WARN_ABOUT_RETURN_TYPE = YES_ERROR;
				GCC_WARN_UNDECLARED_SELECTOR = YES;
				GCC_WARN_UNINITIALIZED_AUTOS = YES_AGGRESSIVE;
				GCC_WARN_UNUSED_FUNCTION = YES;
				GCC_WARN_UNUSED_VARIABLE = YES;
				IPHONEOS_DEPLOYMENT_TARGET = 16.2;
				MTL_ENABLE_DEBUG_INFO = NO;
				MTL_FAST_MATH = YES;
				SDKROOT = iphoneos;
				SWIFT_COMPILATION_MODE = wholemodule;
				SWIFT_OPTIMIZATION_LEVEL = "-O";
				VALIDATE_PRODUCT = YES;
			};
			name = Release;
		};
		6ECD3EB62AB1ABDD002BAF75 /* Debug */ = {
			isa = XCBuildConfiguration;
			baseConfigurationReference = F2781DC51110142A90C03BFA /* Pods-Savemoneyhard.debug.xcconfig */;
			buildSettings = {
				ASSETCATALOG_COMPILER_APPICON_NAME = AppIcon;
				ASSETCATALOG_COMPILER_GLOBAL_ACCENT_COLOR_NAME = AccentColor;
				CODE_SIGN_STYLE = Automatic;
				CURRENT_PROJECT_VERSION = 1;
				DEVELOPMENT_TEAM = 4RM6V6QG3H;
				GENERATE_INFOPLIST_FILE = YES;
				INFOPLIST_FILE = Savemoneyhard/Info.plist;
				INFOPLIST_KEY_UIApplicationSupportsIndirectInputEvents = YES;
				INFOPLIST_KEY_UILaunchStoryboardName = LaunchScreen;
				INFOPLIST_KEY_UIMainStoryboardFile = Main;
				INFOPLIST_KEY_UISupportedInterfaceOrientations = UIInterfaceOrientationPortrait;
				INFOPLIST_KEY_UISupportedInterfaceOrientations_iPad = "UIInterfaceOrientationLandscapeLeft UIInterfaceOrientationLandscapeRight UIInterfaceOrientationPortrait UIInterfaceOrientationPortraitUpsideDown";
				LD_RUNPATH_SEARCH_PATHS = (
					"$(inherited)",
					"@executable_path/Frameworks",
				);
				MARKETING_VERSION = 1.0;
				PRODUCT_BUNDLE_IDENTIFIER = theBettor.Savemoneyhard;
				PRODUCT_NAME = "$(TARGET_NAME)";
				SUPPORTED_PLATFORMS = "iphoneos iphonesimulator";
				SUPPORTS_MACCATALYST = NO;
				SUPPORTS_MAC_DESIGNED_FOR_IPHONE_IPAD = NO;
				SWIFT_EMIT_LOC_STRINGS = YES;
				SWIFT_VERSION = 5.0;
				TARGETED_DEVICE_FAMILY = 1;
			};
			name = Debug;
		};
		6ECD3EB72AB1ABDD002BAF75 /* Release */ = {
			isa = XCBuildConfiguration;
			baseConfigurationReference = CF4C5FC770E1D7B661D3C7F6 /* Pods-Savemoneyhard.release.xcconfig */;
			buildSettings = {
				ASSETCATALOG_COMPILER_APPICON_NAME = AppIcon;
				ASSETCATALOG_COMPILER_GLOBAL_ACCENT_COLOR_NAME = AccentColor;
				CODE_SIGN_STYLE = Automatic;
				CURRENT_PROJECT_VERSION = 1;
				DEVELOPMENT_TEAM = 4RM6V6QG3H;
				GENERATE_INFOPLIST_FILE = YES;
				INFOPLIST_FILE = Savemoneyhard/Info.plist;
				INFOPLIST_KEY_UIApplicationSupportsIndirectInputEvents = YES;
				INFOPLIST_KEY_UILaunchStoryboardName = LaunchScreen;
				INFOPLIST_KEY_UIMainStoryboardFile = Main;
				INFOPLIST_KEY_UISupportedInterfaceOrientations = UIInterfaceOrientationPortrait;
				INFOPLIST_KEY_UISupportedInterfaceOrientations_iPad = "UIInterfaceOrientationLandscapeLeft UIInterfaceOrientationLandscapeRight UIInterfaceOrientationPortrait UIInterfaceOrientationPortraitUpsideDown";
				LD_RUNPATH_SEARCH_PATHS = (
					"$(inherited)",
					"@executable_path/Frameworks",
				);
				MARKETING_VERSION = 1.0;
				PRODUCT_BUNDLE_IDENTIFIER = theBettor.Savemoneyhard;
				PRODUCT_NAME = "$(TARGET_NAME)";
				SUPPORTED_PLATFORMS = "iphoneos iphonesimulator";
				SUPPORTS_MACCATALYST = NO;
				SUPPORTS_MAC_DESIGNED_FOR_IPHONE_IPAD = NO;
				SWIFT_EMIT_LOC_STRINGS = YES;
				SWIFT_VERSION = 5.0;
				TARGETED_DEVICE_FAMILY = 1;
			};
			name = Release;
		};
/* End XCBuildConfiguration section */

/* Begin XCConfigurationList section */
		6ECD3E992AB1ABDB002BAF75 /* Build configuration list for PBXProject "Savemoneyhard" */ = {
			isa = XCConfigurationList;
			buildConfigurations = (
				6ECD3EB32AB1ABDD002BAF75 /* Debug */,
				6ECD3EB42AB1ABDD002BAF75 /* Release */,
			);
			defaultConfigurationIsVisible = 0;
			defaultConfigurationName = Release;
		};
		6ECD3EB52AB1ABDD002BAF75 /* Build configuration list for PBXNativeTarget "Savemoneyhard" */ = {
			isa = XCConfigurationList;
			buildConfigurations = (
				6ECD3EB62AB1ABDD002BAF75 /* Debug */,
				6ECD3EB72AB1ABDD002BAF75 /* Release */,
			);
			defaultConfigurationIsVisible = 0;
			defaultConfigurationName = Release;
		};
/* End XCConfigurationList section */

/* Begin XCVersionGroup section */
		6ECD3EAA2AB1ABDB002BAF75 /* Save_money_hard.xcdatamodeld */ = {
			isa = XCVersionGroup;
			children = (
				6ECD3EAB2AB1ABDB002BAF75 /* Save_money_hard.xcdatamodel */,
			);
			currentVersion = 6ECD3EAB2AB1ABDB002BAF75 /* Save_money_hard.xcdatamodel */;
			path = Save_money_hard.xcdatamodeld;
			sourceTree = "<group>";
			versionGroupType = wrapper.xcdatamodel;
		};
/* End XCVersionGroup section */
	};
	rootObject = 6ECD3E962AB1ABDB002BAF75 /* Project object */;
}
