// !$*UTF8*$!
{
	archiveVersion = 1;
	classes = {
	};
	objectVersion = 56;
	objects = {

/* Begin PBXBuildFile section */
		6ECD3EA22AB1ABDB002BAF75 /* AppDelegate.swift in Sources */ = {isa = PBXBuildFile; fileRef = 6ECD3EA12AB1ABDB002BAF75 /* AppDelegate.swift */; };
		6ECD3EA42AB1ABDB002BAF75 /* SceneDelegate.swift in Sources */ = {isa = PBXBuildFile; fileRef = 6ECD3EA32AB1ABDB002BAF75 /* SceneDelegate.swift */; };
		6ECD3EA62AB1ABDB002BAF75 /* ViewController.swift in Sources */ = {isa = PBXBuildFile; fileRef = 6ECD3EA52AB1ABDB002BAF75 /* ViewController.swift */; };
		6ECD3EA92AB1ABDB002BAF75 /* Main.storyboard in Resources */ = {isa = PBXBuildFile; fileRef = 6ECD3EA72AB1ABDB002BAF75 /* Main.storyboard */; };
		6ECD3EAC2AB1ABDB002BAF75 /* Save_money_hard.xcdatamodeld in Sources */ = {isa = PBXBuildFile; fileRef = 6ECD3EAA2AB1ABDB002BAF75 /* Save_money_hard.xcdatamodeld */; };
		6ECD3EAE2AB1ABDD002BAF75 /* Assets.xcassets in Resources */ = {isa = PBXBuildFile; fileRef = 6ECD3EAD2AB1ABDD002BAF75 /* Assets.xcassets */; };
		6ECD3EB12AB1ABDD002BAF75 /* LaunchScreen.storyboard in Resources */ = {isa = PBXBuildFile; fileRef = 6ECD3EAF2AB1ABDD002BAF75 /* LaunchScreen.storyboard */; };
/* End PBXBuildFile section */

/* Begin PBXFileReference section */
		6ECD3E9E2AB1ABDB002BAF75 /* Save money hard.app */ = {isa = PBXFileReference; explicitFileType = wrapper.application; includeInIndex = 0; path = "Save money hard.app"; sourceTree = BUILT_PRODUCTS_DIR; };
		6ECD3EA12AB1ABDB002BAF75 /* AppDelegate.swift */ = {isa = PBXFileReference; lastKnownFileType = sourcecode.swift; path = AppDelegate.swift; sourceTree = "<group>"; };
		6ECD3EA32AB1ABDB002BAF75 /* SceneDelegate.swift */ = {isa = PBXFileReference; lastKnownFileType = sourcecode.swift; path = SceneDelegate.swift; sourceTree = "<group>"; };
		6ECD3EA52AB1ABDB002BAF75 /* ViewController.swift */ = {isa = PBXFileReference; lastKnownFileType = sourcecode.swift; path = ViewController.swift; sourceTree = "<group>"; };
		6ECD3EA82AB1ABDB002BAF75 /* Base */ = {isa = PBXFileReference; lastKnownFileType = file.storyboard; name = Base; path = Base.lproj/Main.storyboard; sourceTree = "<group>"; };
		6ECD3EAB2AB1ABDB002BAF75 /* Save_money_hard.xcdatamodel */ = {isa = PBXFileReference; lastKnownFileType = wrapper.xcdatamodel; path = Save_money_hard.xcdatamodel; sourceTree = "<group>"; };
		6ECD3EAD2AB1ABDD002BAF75 /* Assets.xcassets */ = {isa = PBXFileReference; lastKnownFileType = folder.assetcatalog; path = Assets.xcassets; sourceTree = "<group>"; };
		6ECD3EB02AB1ABDD002BAF75 /* Base */ = {isa = PBXFileReference; lastKnownFileType = file.storyboard; name = Base; path = Base.lproj/LaunchScreen.storyboard; sourceTree = "<group>"; };
		6ECD3EB22AB1ABDD002BAF75 /* Info.plist */ = {isa = PBXFileReference; lastKnownFileType = text.plist.xml; path = Info.plist; sourceTree = "<group>"; };
/* End PBXFileReference section */

/* Begin PBXFrameworksBuildPhase section */
		6ECD3E9B2AB1ABDB002BAF75 /* Frameworks */ = {
			isa = PBXFrameworksBuildPhase;
			buildActionMask = 2147483647;
			files = (
			);
			runOnlyForDeploymentPostprocessing = 0;
		};
/* End PBXFrameworksBuildPhase section */

/* Begin PBXGroup section */
		6ECD3E952AB1ABDB002BAF75 = {
			isa = PBXGroup;
			children = (
				6ECD3EA02AB1ABDB002BAF75 /* Save money hard */,
				6ECD3E9F2AB1ABDB002BAF75 /* Products */,
			);
			sourceTree = "<group>";
		};
		6ECD3E9F2AB1ABDB002BAF75 /* Products */ = {
			isa = PBXGroup;
			children = (
				6ECD3E9E2AB1ABDB002BAF75 /* Save money hard.app */,
			);
			name = Products;
			sourceTree = "<group>";
		};
		6ECD3EA02AB1ABDB002BAF75 /* Save money hard */ = {
			isa = PBXGroup;
			children = (
				6ECD3EA12AB1ABDB002BAF75 /* AppDelegate.swift */,
				6ECD3EA32AB1ABDB002BAF75 /* SceneDelegate.swift */,
				6ECD3EB82AB1C324002BAF75 /* Models */,
				6ECD3EB92AB1C32B002BAF75 /* Views */,
				6ECD3EBA2AB1C331002BAF75 /* Controllers */,
				6ECD3EAD2AB1ABDD002BAF75 /* Assets.xcassets */,
				6ECD3EAF2AB1ABDD002BAF75 /* LaunchScreen.storyboard */,
				6ECD3EB22AB1ABDD002BAF75 /* Info.plist */,
				6ECD3EAA2AB1ABDB002BAF75 /* Save_money_hard.xcdatamodeld */,
			);
			path = "Save money hard";
			sourceTree = "<group>";
		};
		6ECD3EB82AB1C324002BAF75 /* Models */ = {
			isa = PBXGroup;
			children = (
			);
			path = Models;
			sourceTree = "<group>";
		};
		6ECD3EB92AB1C32B002BAF75 /* Views */ = {
			isa = PBXGroup;
			children = (
				6ECD3EA72AB1ABDB002BAF75 /* Main.storyboard */,
			);
			path = Views;
			sourceTree = "<group>";
		};
		6ECD3EBA2AB1C331002BAF75 /* Controllers */ = {
			isa = PBXGroup;
			children = (
				6ECD3EA52AB1ABDB002BAF75 /* ViewController.swift */,
			);
			path = Controllers;
			sourceTree = "<group>";
		};
/* End PBXGroup section */

/* Begin PBXNativeTarget section */
		6ECD3E9D2AB1ABDB002BAF75 /* Save money hard */ = {
			isa = PBXNativeTarget;
			buildConfigurationList = 6ECD3EB52AB1ABDD002BAF75 /* Build configuration list for PBXNativeTarget "Save money hard" */;
			buildPhases = (
				6ECD3E9A2AB1ABDB002BAF75 /* Sources */,
				6ECD3E9B2AB1ABDB002BAF75 /* Frameworks */,
				6ECD3E9C2AB1ABDB002BAF75 /* Resources */,
			);
			buildRules = (
			);
			dependencies = (
			);
			name = "Save money hard";
			productName = "Save money hard";
			productReference = 6ECD3E9E2AB1ABDB002BAF75 /* Save money hard.app */;
			productType = "com.apple.product-type.application";
		};
/* End PBXNativeTarget section */

/* Begin PBXProject section */
		6ECD3E962AB1ABDB002BAF75 /* Project object */ = {
			isa = PBXProject;
			attributes = {
				BuildIndependentTargetsInParallel = 1;
				LastSwiftUpdateCheck = 1420;
				LastUpgradeCheck = 1420;
				TargetAttributes = {
					6ECD3E9D2AB1ABDB002BAF75 = {
						CreatedOnToolsVersion = 14.2;
					};
				};
			};
			buildConfigurationList = 6ECD3E992AB1ABDB002BAF75 /* Build configuration list for PBXProject "Save money hard" */;
			compatibilityVersion = "Xcode 14.0";
			developmentRegion = en;
			hasScannedForEncodings = 0;
			knownRegions = (
				en,
				Base,
			);
			mainGroup = 6ECD3E952AB1ABDB002BAF75;
			productRefGroup = 6ECD3E9F2AB1ABDB002BAF75 /* Products */;
			projectDirPath = "";
			projectRoot = "";
			targets = (
				6ECD3E9D2AB1ABDB002BAF75 /* Save money hard */,
			);
		};
/* End PBXProject section */

/* Begin PBXResourcesBuildPhase section */
		6ECD3E9C2AB1ABDB002BAF75 /* Resources */ = {
			isa = PBXResourcesBuildPhase;
			buildActionMask = 2147483647;
			files = (
				6ECD3EB12AB1ABDD002BAF75 /* LaunchScreen.storyboard in Resources */,
				6ECD3EAE2AB1ABDD002BAF75 /* Assets.xcassets in Resources */,
				6ECD3EA92AB1ABDB002BAF75 /* Main.storyboard in Resources */,
			);
			runOnlyForDeploymentPostprocessing = 0;
		};
/* End PBXResourcesBuildPhase section */

/* Begin PBXSourcesBuildPhase section */
		6ECD3E9A2AB1ABDB002BAF75 /* Sources */ = {
			isa = PBXSourcesBuildPhase;
			buildActionMask = 2147483647;
			files = (
				6ECD3EAC2AB1ABDB002BAF75 /* Save_money_hard.xcdatamodeld in Sources */,
				6ECD3EA62AB1ABDB002BAF75 /* ViewController.swift in Sources */,
				6ECD3EA22AB1ABDB002BAF75 /* AppDelegate.swift in Sources */,
				6ECD3EA42AB1ABDB002BAF75 /* SceneDelegate.swift in Sources */,
			);
			runOnlyForDeploymentPostprocessing = 0;
		};
/* End PBXSourcesBuildPhase section */

/* Begin PBXVariantGroup section */
		6ECD3EA72AB1ABDB002BAF75 /* Main.storyboard */ = {
			isa = PBXVariantGroup;
			children = (
				6ECD3EA82AB1ABDB002BAF75 /* Base */,
			);
			name = Main.storyboard;
			sourceTree = "<group>";
		};
		6ECD3EAF2AB1ABDD002BAF75 /* LaunchScreen.storyboard */ = {
			isa = PBXVariantGroup;
			children = (
				6ECD3EB02AB1ABDD002BAF75 /* Base */,
			);
			name = LaunchScreen.storyboard;
			sourceTree = "<group>";
		};
/* End PBXVariantGroup section */

/* Begin XCBuildConfiguration section */
		6ECD3EB32AB1ABDD002BAF75 /* Debug */ = {
			isa = XCBuildConfiguration;
			buildSettings = {
				ALWAYS_SEARCH_USER_PATHS = NO;
				CLANG_ANALYZER_NONNULL = YES;
				CLANG_ANALYZER_NUMBER_OBJECT_CONVERSION = YES_AGGRESSIVE;
				CLANG_CXX_LANGUAGE_STANDARD = "gnu++20";
				CLANG_ENABLE_MODULES = YES;
				CLANG_ENABLE_OBJC_ARC = YES;
				CLANG_ENABLE_OBJC_WEAK = YES;
				CLANG_WARN_BLOCK_CAPTURE_AUTORELEASING = YES;
				CLANG_WARN_BOOL_CONVERSION = YES;
				CLANG_WARN_COMMA = YES;
				CLANG_WARN_CONSTANT_CONVERSION = YES;
				CLANG_WARN_DEPRECATED_OBJC_IMPLEMENTATIONS = YES;
				CLANG_WARN_DIRECT_OBJC_ISA_USAGE = YES_ERROR;
				CLANG_WARN_DOCUMENTATION_COMMENTS = YES;
				CLANG_WARN_EMPTY_BODY = YES;
				CLANG_WARN_ENUM_CONVERSION = YES;
				CLANG_WARN_INFINITE_RECURSION = YES;
				CLANG_WARN_INT_CONVERSION = YES;
				CLANG_WARN_NON_LITERAL_NULL_CONVERSION = YES;
				CLANG_WARN_OBJC_IMPLICIT_RETAIN_SELF = YES;
				CLANG_WARN_OBJC_LITERAL_CONVERSION = YES;
				CLANG_WARN_OBJC_ROOT_CLASS = YES_ERROR;
				CLANG_WARN_QUOTED_INCLUDE_IN_FRAMEWORK_HEADER = YES;
				CLANG_WARN_RANGE_LOOP_ANALYSIS = YES;
				CLANG_WARN_STRICT_PROTOTYPES = YES;
				CLANG_WARN_SUSPICIOUS_MOVE = YES;
				CLANG_WARN_UNGUARDED_AVAILABILITY = YES_AGGRESSIVE;
				CLANG_WARN_UNREACHABLE_CODE = YES;
				CLANG_WARN__DUPLICATE_METHOD_MATCH = YES;
				COPY_PHASE_STRIP = NO;
				DEBUG_INFORMATION_FORMAT = dwarf;
				ENABLE_STRICT_OBJC_MSGSEND = YES;
				ENABLE_TESTABILITY = YES;
				GCC_C_LANGUAGE_STANDARD = gnu11;
				GCC_DYNAMIC_NO_PIC = NO;
				GCC_NO_COMMON_BLOCKS = YES;
				GCC_OPTIMIZATION_LEVEL = 0;
				GCC_PREPROCESSOR_DEFINITIONS = (
					"DEBUG=1",
					"$(inherited)",
				);
				GCC_WARN_64_TO_32_BIT_CONVERSION = YES;
				GCC_WARN_ABOUT_RETURN_TYPE = YES_ERROR;
				GCC_WARN_UNDECLARED_SELECTOR = YES;
				GCC_WARN_UNINITIALIZED_AUTOS = YES_AGGRESSIVE;
				GCC_WARN_UNUSED_FUNCTION = YES;
				GCC_WARN_UNUSED_VARIABLE = YES;
				IPHONEOS_DEPLOYMENT_TARGET = 16.2;
				MTL_ENABLE_DEBUG_INFO = INCLUDE_SOURCE;
				MTL_FAST_MATH = YES;
				ONLY_ACTIVE_ARCH = YES;
				SDKROOT = iphoneos;
				SWIFT_ACTIVE_COMPILATION_CONDITIONS = DEBUG;
				SWIFT_OPTIMIZATION_LEVEL = "-Onone";
			};
			name = Debug;
		};
		6ECD3EB42AB1ABDD002BAF75 /* Release */ = {
			isa = XCBuildConfiguration;
			buildSettings = {
				ALWAYS_SEARCH_USER_PATHS = NO;
				CLANG_ANALYZER_NONNULL = YES;
				CLANG_ANALYZER_NUMBER_OBJECT_CONVERSION = YES_AGGRESSIVE;
				CLANG_CXX_LANGUAGE_STANDARD = "gnu++20";
				CLANG_ENABLE_MODULES = YES;
				CLANG_ENABLE_OBJC_ARC = YES;
				CLANG_ENABLE_OBJC_WEAK = YES;
				CLANG_WARN_BLOCK_CAPTURE_AUTORELEASING = YES;
				CLANG_WARN_BOOL_CONVERSION = YES;
				CLANG_WARN_COMMA = YES;
				CLANG_WARN_CONSTANT_CONVERSION = YES;
				CLANG_WARN_DEPRECATED_OBJC_IMPLEMENTATIONS = YES;
				CLANG_WARN_DIRECT_OBJC_ISA_USAGE = YES_ERROR;
				CLANG_WARN_DOCUMENTATION_COMMENTS = YES;
				CLANG_WARN_EMPTY_BODY = YES;
				CLANG_WARN_ENUM_CONVERSION = YES;
				CLANG_WARN_INFINITE_RECURSION = YES;
				CLANG_WARN_INT_CONVERSION = YES;
				CLANG_WARN_NON_LITERAL_NULL_CONVERSION = YES;
				CLANG_WARN_OBJC_IMPLICIT_RETAIN_SELF = YES;
				CLANG_WARN_OBJC_LITERAL_CONVERSION = YES;
				CLANG_WARN_OBJC_ROOT_CLASS = YES_ERROR;
				CLANG_WARN_QUOTED_INCLUDE_IN_FRAMEWORK_HEADER = YES;
				CLANG_WARN_RANGE_LOOP_ANALYSIS = YES;
				CLANG_WARN_STRICT_PROTOTYPES = YES;
				CLANG_WARN_SUSPICIOUS_MOVE = YES;
				CLANG_WARN_UNGUARDED_AVAILABILITY = YES_AGGRESSIVE;
				CLANG_WARN_UNREACHABLE_CODE = YES;
				CLANG_WARN__DUPLICATE_METHOD_MATCH = YES;
				COPY_PHASE_STRIP = NO;
				DEBUG_INFORMATION_FORMAT = "dwarf-with-dsym";
				ENABLE_NS_ASSERTIONS = NO;
				ENABLE_STRICT_OBJC_MSGSEND = YES;
				GCC_C_LANGUAGE_STANDARD = gnu11;
				GCC_NO_COMMON_BLOCKS = YES;
				GCC_WARN_64_TO_32_BIT_CONVERSION = YES;
				GCC_WARN_ABOUT_RETURN_TYPE = YES_ERROR;
				GCC_WARN_UNDECLARED_SELECTOR = YES;
				GCC_WARN_UNINITIALIZED_AUTOS = YES_AGGRESSIVE;
				GCC_WARN_UNUSED_FUNCTION = YES;
				GCC_WARN_UNUSED_VARIABLE = YES;
				IPHONEOS_DEPLOYMENT_TARGET = 16.2;
				MTL_ENABLE_DEBUG_INFO = NO;
				MTL_FAST_MATH = YES;
				SDKROOT = iphoneos;
				SWIFT_COMPILATION_MODE = wholemodule;
				SWIFT_OPTIMIZATION_LEVEL = "-O";
				VALIDATE_PRODUCT = YES;
			};
			name = Release;
		};
		6ECD3EB62AB1ABDD002BAF75 /* Debug */ = {
			isa = XCBuildConfiguration;
			buildSettings = {
				ASSETCATALOG_COMPILER_APPICON_NAME = AppIcon;
				ASSETCATALOG_COMPILER_GLOBAL_ACCENT_COLOR_NAME = AccentColor;
				CODE_SIGN_STYLE = Automatic;
				CURRENT_PROJECT_VERSION = 1;
				DEVELOPMENT_TEAM = 4RM6V6QG3H;
				GENERATE_INFOPLIST_FILE = YES;
				INFOPLIST_FILE = "Save money hard/Info.plist";
				INFOPLIST_KEY_UIApplicationSupportsIndirectInputEvents = YES;
				INFOPLIST_KEY_UILaunchStoryboardName = LaunchScreen;
				INFOPLIST_KEY_UIMainStoryboardFile = Main;
				INFOPLIST_KEY_UISupportedInterfaceOrientations = UIInterfaceOrientationPortrait;
				INFOPLIST_KEY_UISupportedInterfaceOrientations_iPad = "UIInterfaceOrientationLandscapeLeft UIInterfaceOrientationLandscapeRight UIInterfaceOrientationPortrait UIInterfaceOrientationPortraitUpsideDown";
				LD_RUNPATH_SEARCH_PATHS = (
					"$(inherited)",
					"@executable_path/Frameworks",
				);
				MARKETING_VERSION = 1.0;
				PRODUCT_BUNDLE_IDENTIFIER = "theBettor.Save-money-hard";
				PRODUCT_NAME = "$(TARGET_NAME)";
				SUPPORTED_PLATFORMS = "iphoneos iphonesimulator";
				SUPPORTS_MACCATALYST = NO;
				SUPPORTS_MAC_DESIGNED_FOR_IPHONE_IPAD = NO;
				SWIFT_EMIT_LOC_STRINGS = YES;
				SWIFT_VERSION = 5.0;
				TARGETED_DEVICE_FAMILY = 1;
			};
			name = Debug;
		};
		6ECD3EB72AB1ABDD002BAF75 /* Release */ = {
			isa = XCBuildConfiguration;
			buildSettings = {
				ASSETCATALOG_COMPILER_APPICON_NAME = AppIcon;
				ASSETCATALOG_COMPILER_GLOBAL_ACCENT_COLOR_NAME = AccentColor;
				CODE_SIGN_STYLE = Automatic;
				CURRENT_PROJECT_VERSION = 1;
				DEVELOPMENT_TEAM = 4RM6V6QG3H;
				GENERATE_INFOPLIST_FILE = YES;
				INFOPLIST_FILE = "Save money hard/Info.plist";
				INFOPLIST_KEY_UIApplicationSupportsIndirectInputEvents = YES;
				INFOPLIST_KEY_UILaunchStoryboardName = LaunchScreen;
				INFOPLIST_KEY_UIMainStoryboardFile = Main;
				INFOPLIST_KEY_UISupportedInterfaceOrientations = UIInterfaceOrientationPortrait;
				INFOPLIST_KEY_UISupportedInterfaceOrientations_iPad = "UIInterfaceOrientationLandscapeLeft UIInterfaceOrientationLandscapeRight UIInterfaceOrientationPortrait UIInterfaceOrientationPortraitUpsideDown";
				LD_RUNPATH_SEARCH_PATHS = (
					"$(inherited)",
					"@executable_path/Frameworks",
				);
				MARKETING_VERSION = 1.0;
				PRODUCT_BUNDLE_IDENTIFIER = "theBettor.Save-money-hard";
				PRODUCT_NAME = "$(TARGET_NAME)";
				SUPPORTED_PLATFORMS = "iphoneos iphonesimulator";
				SUPPORTS_MACCATALYST = NO;
				SUPPORTS_MAC_DESIGNED_FOR_IPHONE_IPAD = NO;
				SWIFT_EMIT_LOC_STRINGS = YES;
				SWIFT_VERSION = 5.0;
				TARGETED_DEVICE_FAMILY = 1;
			};
			name = Release;
		};
/* End XCBuildConfiguration section */

/* Begin XCConfigurationList section */
		6ECD3E992AB1ABDB002BAF75 /* Build configuration list for PBXProject "Save money hard" */ = {
			isa = XCConfigurationList;
			buildConfigurations = (
				6ECD3EB32AB1ABDD002BAF75 /* Debug */,
				6ECD3EB42AB1ABDD002BAF75 /* Release */,
			);
			defaultConfigurationIsVisible = 0;
			defaultConfigurationName = Release;
		};
		6ECD3EB52AB1ABDD002BAF75 /* Build configuration list for PBXNativeTarget "Save money hard" */ = {
			isa = XCConfigurationList;
			buildConfigurations = (
				6ECD3EB62AB1ABDD002BAF75 /* Debug */,
				6ECD3EB72AB1ABDD002BAF75 /* Release */,
			);
			defaultConfigurationIsVisible = 0;
			defaultConfigurationName = Release;
		};
/* End XCConfigurationList section */

/* Begin XCVersionGroup section */
		6ECD3EAA2AB1ABDB002BAF75 /* Save_money_hard.xcdatamodeld */ = {
			isa = XCVersionGroup;
			children = (
				6ECD3EAB2AB1ABDB002BAF75 /* Save_money_hard.xcdatamodel */,
			);
			currentVersion = 6ECD3EAB2AB1ABDB002BAF75 /* Save_money_hard.xcdatamodel */;
			path = Save_money_hard.xcdatamodeld;
			sourceTree = "<group>";
			versionGroupType = wrapper.xcdatamodel;
		};
/* End XCVersionGroup section */
	};
	rootObject = 6ECD3E962AB1ABDB002BAF75 /* Project object */;
}
